// !$*UTF8*$!
{
	archiveVersion = 1;
	classes = {
	};
	objectVersion = 56;
	objects = {

/* Begin PBXBuildFile section */
		166B6BFE2A63C06400684565 /* TheSweaterStoreApp.swift in Sources */ = {isa = PBXBuildFile; fileRef = 166B6BFD2A63C06400684565 /* TheSweaterStoreApp.swift */; };
		166B6C002A63C06400684565 /* ContentView.swift in Sources */ = {isa = PBXBuildFile; fileRef = 166B6BFF2A63C06400684565 /* ContentView.swift */; };
		166B6C022A63C06600684565 /* Assets.xcassets in Resources */ = {isa = PBXBuildFile; fileRef = 166B6C012A63C06600684565 /* Assets.xcassets */; };
		166B6C052A63C06600684565 /* Preview Assets.xcassets in Resources */ = {isa = PBXBuildFile; fileRef = 166B6C042A63C06600684565 /* Preview Assets.xcassets */; };
		166B6C0D2A63C4CC00684565 /* Product.swift in Sources */ = {isa = PBXBuildFile; fileRef = 166B6C0C2A63C4CC00684565 /* Product.swift */; };
		166B6C102A63C6CC00684565 /* ProductCard.swift in Sources */ = {isa = PBXBuildFile; fileRef = 166B6C0F2A63C6CC00684565 /* ProductCard.swift */; };
		166B6C132A63CF3500684565 /* CartButton.swift in Sources */ = {isa = PBXBuildFile; fileRef = 166B6C122A63CF3500684565 /* CartButton.swift */; };
		166B6C152A63D29900684565 /* CartView.swift in Sources */ = {isa = PBXBuildFile; fileRef = 166B6C142A63D29900684565 /* CartView.swift */; };
		166B6C172A63D3F100684565 /* CartManager.swift in Sources */ = {isa = PBXBuildFile; fileRef = 166B6C162A63D3F100684565 /* CartManager.swift */; };
		166B6C192A63F8FC00684565 /* ProductRow.swift in Sources */ = {isa = PBXBuildFile; fileRef = 166B6C182A63F8FC00684565 /* ProductRow.swift */; };
		166B6C1B2A63FDAE00684565 /* PaymentButton.swift in Sources */ = {isa = PBXBuildFile; fileRef = 166B6C1A2A63FDAE00684565 /* PaymentButton.swift */; };
/* End PBXBuildFile section */

/* Begin PBXFileReference section */
		166B6BFA2A63C06400684565 /* TheSweaterStore.app */ = {isa = PBXFileReference; explicitFileType = wrapper.application; includeInIndex = 0; path = TheSweaterStore.app; sourceTree = BUILT_PRODUCTS_DIR; };
		166B6BFD2A63C06400684565 /* TheSweaterStoreApp.swift */ = {isa = PBXFileReference; lastKnownFileType = sourcecode.swift; path = TheSweaterStoreApp.swift; sourceTree = "<group>"; };
		166B6BFF2A63C06400684565 /* ContentView.swift */ = {isa = PBXFileReference; lastKnownFileType = sourcecode.swift; path = ContentView.swift; sourceTree = "<group>"; };
		166B6C012A63C06600684565 /* Assets.xcassets */ = {isa = PBXFileReference; lastKnownFileType = folder.assetcatalog; path = Assets.xcassets; sourceTree = "<group>"; };
		166B6C042A63C06600684565 /* Preview Assets.xcassets */ = {isa = PBXFileReference; lastKnownFileType = folder.assetcatalog; path = "Preview Assets.xcassets"; sourceTree = "<group>"; };
		166B6C0C2A63C4CC00684565 /* Product.swift */ = {isa = PBXFileReference; lastKnownFileType = sourcecode.swift; path = Product.swift; sourceTree = "<group>"; };
		166B6C0F2A63C6CC00684565 /* ProductCard.swift */ = {isa = PBXFileReference; lastKnownFileType = sourcecode.swift; path = ProductCard.swift; sourceTree = "<group>"; };
		166B6C122A63CF3500684565 /* CartButton.swift */ = {isa = PBXFileReference; lastKnownFileType = sourcecode.swift; path = CartButton.swift; sourceTree = "<group>"; };
		166B6C142A63D29900684565 /* CartView.swift */ = {isa = PBXFileReference; lastKnownFileType = sourcecode.swift; path = CartView.swift; sourceTree = "<group>"; };
		166B6C162A63D3F100684565 /* CartManager.swift */ = {isa = PBXFileReference; lastKnownFileType = sourcecode.swift; path = CartManager.swift; sourceTree = "<group>"; };
		166B6C182A63F8FC00684565 /* ProductRow.swift */ = {isa = PBXFileReference; lastKnownFileType = sourcecode.swift; path = ProductRow.swift; sourceTree = "<group>"; };
		166B6C1A2A63FDAE00684565 /* PaymentButton.swift */ = {isa = PBXFileReference; lastKnownFileType = sourcecode.swift; path = PaymentButton.swift; sourceTree = "<group>"; };
/* End PBXFileReference section */

/* Begin PBXFrameworksBuildPhase section */
		166B6BF72A63C06400684565 /* Frameworks */ = {
			isa = PBXFrameworksBuildPhase;
			buildActionMask = 2147483647;
			files = (
			);
			runOnlyForDeploymentPostprocessing = 0;
		};
/* End PBXFrameworksBuildPhase section */

/* Begin PBXGroup section */
		166B6BF12A63C06400684565 = {
			isa = PBXGroup;
			children = (
				166B6BFC2A63C06400684565 /* TheSweaterStore */,
				166B6BFB2A63C06400684565 /* Products */,
			);
			sourceTree = "<group>";
		};
		166B6BFB2A63C06400684565 /* Products */ = {
			isa = PBXGroup;
			children = (
				166B6BFA2A63C06400684565 /* TheSweaterStore.app */,
			);
			name = Products;
			sourceTree = "<group>";
		};
		166B6BFC2A63C06400684565 /* TheSweaterStore */ = {
			isa = PBXGroup;
			children = (
				166B6C112A63CAD700684565 /* Views */,
				166B6C0E2A63C6A400684565 /* Components */,
				166B6C0B2A63C4A200684565 /* Models */,
				166B6BFD2A63C06400684565 /* TheSweaterStoreApp.swift */,
				166B6C012A63C06600684565 /* Assets.xcassets */,
				166B6C032A63C06600684565 /* Preview Content */,
				166B6C162A63D3F100684565 /* CartManager.swift */,
			);
			path = TheSweaterStore;
			sourceTree = "<group>";
		};
		166B6C032A63C06600684565 /* Preview Content */ = {
			isa = PBXGroup;
			children = (
				166B6C042A63C06600684565 /* Preview Assets.xcassets */,
			);
			path = "Preview Content";
			sourceTree = "<group>";
		};
		166B6C0B2A63C4A200684565 /* Models */ = {
			isa = PBXGroup;
			children = (
				166B6C0C2A63C4CC00684565 /* Product.swift */,
			);
			path = Models;
			sourceTree = "<group>";
		};
		166B6C0E2A63C6A400684565 /* Components */ = {
			isa = PBXGroup;
			children = (
				166B6C0F2A63C6CC00684565 /* ProductCard.swift */,
				166B6C122A63CF3500684565 /* CartButton.swift */,
				166B6C182A63F8FC00684565 /* ProductRow.swift */,
				166B6C1A2A63FDAE00684565 /* PaymentButton.swift */,
			);
			path = Components;
			sourceTree = "<group>";
		};
		166B6C112A63CAD700684565 /* Views */ = {
			isa = PBXGroup;
			children = (
				166B6BFF2A63C06400684565 /* ContentView.swift */,
				166B6C142A63D29900684565 /* CartView.swift */,
			);
			path = Views;
			sourceTree = "<group>";
		};
/* End PBXGroup section */

/* Begin PBXNativeTarget section */
		166B6BF92A63C06400684565 /* TheSweaterStore */ = {
			isa = PBXNativeTarget;
			buildConfigurationList = 166B6C082A63C06600684565 /* Build configuration list for PBXNativeTarget "TheSweaterStore" */;
			buildPhases = (
				166B6BF62A63C06400684565 /* Sources */,
				166B6BF72A63C06400684565 /* Frameworks */,
				166B6BF82A63C06400684565 /* Resources */,
			);
			buildRules = (
			);
			dependencies = (
			);
			name = TheSweaterStore;
			productName = TheSweaterStore;
			productReference = 166B6BFA2A63C06400684565 /* TheSweaterStore.app */;
			productType = "com.apple.product-type.application";
		};
/* End PBXNativeTarget section */

/* Begin PBXProject section */
		166B6BF22A63C06400684565 /* Project object */ = {
			isa = PBXProject;
			attributes = {
				BuildIndependentTargetsInParallel = 1;
				LastSwiftUpdateCheck = 1430;
				LastUpgradeCheck = 1430;
				TargetAttributes = {
					166B6BF92A63C06400684565 = {
						CreatedOnToolsVersion = 14.3.1;
					};
				};
			};
			buildConfigurationList = 166B6BF52A63C06400684565 /* Build configuration list for PBXProject "TheSweaterStore" */;
			compatibilityVersion = "Xcode 14.0";
			developmentRegion = en;
			hasScannedForEncodings = 0;
			knownRegions = (
				en,
				Base,
			);
			mainGroup = 166B6BF12A63C06400684565;
			productRefGroup = 166B6BFB2A63C06400684565 /* Products */;
			projectDirPath = "";
			projectRoot = "";
			targets = (
				166B6BF92A63C06400684565 /* TheSweaterStore */,
			);
		};
/* End PBXProject section */

/* Begin PBXResourcesBuildPhase section */
		166B6BF82A63C06400684565 /* Resources */ = {
			isa = PBXResourcesBuildPhase;
			buildActionMask = 2147483647;
			files = (
				166B6C052A63C06600684565 /* Preview Assets.xcassets in Resources */,
				166B6C022A63C06600684565 /* Assets.xcassets in Resources */,
			);
			runOnlyForDeploymentPostprocessing = 0;
		};
/* End PBXResourcesBuildPhase section */

/* Begin PBXSourcesBuildPhase section */
		166B6BF62A63C06400684565 /* Sources */ = {
			isa = PBXSourcesBuildPhase;
			buildActionMask = 2147483647;
			files = (
				166B6C1B2A63FDAE00684565 /* PaymentButton.swift in Sources */,
				166B6C152A63D29900684565 /* CartView.swift in Sources */,
				166B6C002A63C06400684565 /* ContentView.swift in Sources */,
				166B6C172A63D3F100684565 /* CartManager.swift in Sources */,
				166B6BFE2A63C06400684565 /* TheSweaterStoreApp.swift in Sources */,
				166B6C192A63F8FC00684565 /* ProductRow.swift in Sources */,
				166B6C0D2A63C4CC00684565 /* Product.swift in Sources */,
				166B6C102A63C6CC00684565 /* ProductCard.swift in Sources */,
				166B6C132A63CF3500684565 /* CartButton.swift in Sources */,
			);
			runOnlyForDeploymentPostprocessing = 0;
		};
/* End PBXSourcesBuildPhase section */

/* Begin XCBuildConfiguration section */
		166B6C062A63C06600684565 /* Debug */ = {
			isa = XCBuildConfiguration;
			buildSettings = {
				ALWAYS_SEARCH_USER_PATHS = NO;
				CLANG_ANALYZER_NONNULL = YES;
				CLANG_ANALYZER_NUMBER_OBJECT_CONVERSION = YES_AGGRESSIVE;
				CLANG_CXX_LANGUAGE_STANDARD = "gnu++20";
				CLANG_ENABLE_MODULES = YES;
				CLANG_ENABLE_OBJC_ARC = YES;
				CLANG_ENABLE_OBJC_WEAK = YES;
				CLANG_WARN_BLOCK_CAPTURE_AUTORELEASING = YES;
				CLANG_WARN_BOOL_CONVERSION = YES;
				CLANG_WARN_COMMA = YES;
				CLANG_WARN_CONSTANT_CONVERSION = YES;
				CLANG_WARN_DEPRECATED_OBJC_IMPLEMENTATIONS = YES;
				CLANG_WARN_DIRECT_OBJC_ISA_USAGE = YES_ERROR;
				CLANG_WARN_DOCUMENTATION_COMMENTS = YES;
				CLANG_WARN_EMPTY_BODY = YES;
				CLANG_WARN_ENUM_CONVERSION = YES;
				CLANG_WARN_INFINITE_RECURSION = YES;
				CLANG_WARN_INT_CONVERSION = YES;
				CLANG_WARN_NON_LITERAL_NULL_CONVERSION = YES;
				CLANG_WARN_OBJC_IMPLICIT_RETAIN_SELF = YES;
				CLANG_WARN_OBJC_LITERAL_CONVERSION = YES;
				CLANG_WARN_OBJC_ROOT_CLASS = YES_ERROR;
				CLANG_WARN_QUOTED_INCLUDE_IN_FRAMEWORK_HEADER = YES;
				CLANG_WARN_RANGE_LOOP_ANALYSIS = YES;
				CLANG_WARN_STRICT_PROTOTYPES = YES;
				CLANG_WARN_SUSPICIOUS_MOVE = YES;
				CLANG_WARN_UNGUARDED_AVAILABILITY = YES_AGGRESSIVE;
				CLANG_WARN_UNREACHABLE_CODE = YES;
				CLANG_WARN__DUPLICATE_METHOD_MATCH = YES;
				COPY_PHASE_STRIP = NO;
				DEBUG_INFORMATION_FORMAT = dwarf;
				ENABLE_STRICT_OBJC_MSGSEND = YES;
				ENABLE_TESTABILITY = YES;
				GCC_C_LANGUAGE_STANDARD = gnu11;
				GCC_DYNAMIC_NO_PIC = NO;
				GCC_NO_COMMON_BLOCKS = YES;
				GCC_OPTIMIZATION_LEVEL = 0;
				GCC_PREPROCESSOR_DEFINITIONS = (
					"DEBUG=1",
					"$(inherited)",
				);
				GCC_WARN_64_TO_32_BIT_CONVERSION = YES;
				GCC_WARN_ABOUT_RETURN_TYPE = YES_ERROR;
				GCC_WARN_UNDECLARED_SELECTOR = YES;
				GCC_WARN_UNINITIALIZED_AUTOS = YES_AGGRESSIVE;
				GCC_WARN_UNUSED_FUNCTION = YES;
				GCC_WARN_UNUSED_VARIABLE = YES;
				IPHONEOS_DEPLOYMENT_TARGET = 16.4;
				MTL_ENABLE_DEBUG_INFO = INCLUDE_SOURCE;
				MTL_FAST_MATH = YES;
				ONLY_ACTIVE_ARCH = YES;
				SDKROOT = iphoneos;
				SWIFT_ACTIVE_COMPILATION_CONDITIONS = DEBUG;
				SWIFT_OPTIMIZATION_LEVEL = "-Onone";
			};
			name = Debug;
		};
		166B6C072A63C06600684565 /* Release */ = {
			isa = XCBuildConfiguration;
			buildSettings = {
				ALWAYS_SEARCH_USER_PATHS = NO;
				CLANG_ANALYZER_NONNULL = YES;
				CLANG_ANALYZER_NUMBER_OBJECT_CONVERSION = YES_AGGRESSIVE;
				CLANG_CXX_LANGUAGE_STANDARD = "gnu++20";
				CLANG_ENABLE_MODULES = YES;
				CLANG_ENABLE_OBJC_ARC = YES;
				CLANG_ENABLE_OBJC_WEAK = YES;
				CLANG_WARN_BLOCK_CAPTURE_AUTORELEASING = YES;
				CLANG_WARN_BOOL_CONVERSION = YES;
				CLANG_WARN_COMMA = YES;
				CLANG_WARN_CONSTANT_CONVERSION = YES;
				CLANG_WARN_DEPRECATED_OBJC_IMPLEMENTATIONS = YES;
				CLANG_WARN_DIRECT_OBJC_ISA_USAGE = YES_ERROR;
				CLANG_WARN_DOCUMENTATION_COMMENTS = YES;
				CLANG_WARN_EMPTY_BODY = YES;
				CLANG_WARN_ENUM_CONVERSION = YES;
				CLANG_WARN_INFINITE_RECURSION = YES;
				CLANG_WARN_INT_CONVERSION = YES;
				CLANG_WARN_NON_LITERAL_NULL_CONVERSION = YES;
				CLANG_WARN_OBJC_IMPLICIT_RETAIN_SELF = YES;
				CLANG_WARN_OBJC_LITERAL_CONVERSION = YES;
				CLANG_WARN_OBJC_ROOT_CLASS = YES_ERROR;
				CLANG_WARN_QUOTED_INCLUDE_IN_FRAMEWORK_HEADER = YES;
				CLANG_WARN_RANGE_LOOP_ANALYSIS = YES;
				CLANG_WARN_STRICT_PROTOTYPES = YES;
				CLANG_WARN_SUSPICIOUS_MOVE = YES;
				CLANG_WARN_UNGUARDED_AVAILABILITY = YES_AGGRESSIVE;
				CLANG_WARN_UNREACHABLE_CODE = YES;
				CLANG_WARN__DUPLICATE_METHOD_MATCH = YES;
				COPY_PHASE_STRIP = NO;
				DEBUG_INFORMATION_FORMAT = "dwarf-with-dsym";
				ENABLE_NS_ASSERTIONS = NO;
				ENABLE_STRICT_OBJC_MSGSEND = YES;
				GCC_C_LANGUAGE_STANDARD = gnu11;
				GCC_NO_COMMON_BLOCKS = YES;
				GCC_WARN_64_TO_32_BIT_CONVERSION = YES;
				GCC_WARN_ABOUT_RETURN_TYPE = YES_ERROR;
				GCC_WARN_UNDECLARED_SELECTOR = YES;
				GCC_WARN_UNINITIALIZED_AUTOS = YES_AGGRESSIVE;
				GCC_WARN_UNUSED_FUNCTION = YES;
				GCC_WARN_UNUSED_VARIABLE = YES;
				IPHONEOS_DEPLOYMENT_TARGET = 16.4;
				MTL_ENABLE_DEBUG_INFO = NO;
				MTL_FAST_MATH = YES;
				SDKROOT = iphoneos;
				SWIFT_COMPILATION_MODE = wholemodule;
				SWIFT_OPTIMIZATION_LEVEL = "-O";
				VALIDATE_PRODUCT = YES;
			};
			name = Release;
		};
		166B6C092A63C06600684565 /* Debug */ = {
			isa = XCBuildConfiguration;
			buildSettings = {
				ASSETCATALOG_COMPILER_APPICON_NAME = AppIcon;
				ASSETCATALOG_COMPILER_GLOBAL_ACCENT_COLOR_NAME = AccentColor;
				CODE_SIGN_STYLE = Automatic;
				CURRENT_PROJECT_VERSION = 1;
				DEVELOPMENT_ASSET_PATHS = "\"TheSweaterStore/Preview Content\"";
				DEVELOPMENT_TEAM = 96A5NKSZ73;
				ENABLE_PREVIEWS = YES;
				GENERATE_INFOPLIST_FILE = YES;
				INFOPLIST_KEY_UIApplicationSceneManifest_Generation = YES;
				INFOPLIST_KEY_UIApplicationSupportsIndirectInputEvents = YES;
				INFOPLIST_KEY_UILaunchScreen_Generation = YES;
				INFOPLIST_KEY_UISupportedInterfaceOrientations_iPad = "UIInterfaceOrientationPortrait UIInterfaceOrientationPortraitUpsideDown UIInterfaceOrientationLandscapeLeft UIInterfaceOrientationLandscapeRight";
				INFOPLIST_KEY_UISupportedInterfaceOrientations_iPhone = "UIInterfaceOrientationPortrait UIInterfaceOrientationLandscapeLeft UIInterfaceOrientationLandscapeRight";
				LD_RUNPATH_SEARCH_PATHS = (
					"$(inherited)",
					"@executable_path/Frameworks",
				);
				MARKETING_VERSION = 1.0;
				PRODUCT_BUNDLE_IDENTIFIER = com.nawkarchinmay.TheSweaterStore;
				PRODUCT_NAME = "$(TARGET_NAME)";
				SWIFT_EMIT_LOC_STRINGS = YES;
				SWIFT_VERSION = 5.0;
				TARGETED_DEVICE_FAMILY = "1,2";
			};
			name = Debug;
		};
		166B6C0A2A63C06600684565 /* Release */ = {
			isa = XCBuildConfiguration;
			buildSettings = {
				ASSETCATALOG_COMPILER_APPICON_NAME = AppIcon;
				ASSETCATALOG_COMPILER_GLOBAL_ACCENT_COLOR_NAME = AccentColor;
				CODE_SIGN_STYLE = Automatic;
				CURRENT_PROJECT_VERSION = 1;
				DEVELOPMENT_ASSET_PATHS = "\"TheSweaterStore/Preview Content\"";
				DEVELOPMENT_TEAM = 96A5NKSZ73;
				ENABLE_PREVIEWS = YES;
				GENERATE_INFOPLIST_FILE = YES;
				INFOPLIST_KEY_UIApplicationSceneManifest_Generation = YES;
				INFOPLIST_KEY_UIApplicationSupportsIndirectInputEvents = YES;
				INFOPLIST_KEY_UILaunchScreen_Generation = YES;
				INFOPLIST_KEY_UISupportedInterfaceOrientations_iPad = "UIInterfaceOrientationPortrait UIInterfaceOrientationPortraitUpsideDown UIInterfaceOrientationLandscapeLeft UIInterfaceOrientationLandscapeRight";
				INFOPLIST_KEY_UISupportedInterfaceOrientations_iPhone = "UIInterfaceOrientationPortrait UIInterfaceOrientationLandscapeLeft UIInterfaceOrientationLandscapeRight";
				LD_RUNPATH_SEARCH_PATHS = (
					"$(inherited)",
					"@executable_path/Frameworks",
				);
				MARKETING_VERSION = 1.0;
				PRODUCT_BUNDLE_IDENTIFIER = com.nawkarchinmay.TheSweaterStore;
				PRODUCT_NAME = "$(TARGET_NAME)";
				SWIFT_EMIT_LOC_STRINGS = YES;
				SWIFT_VERSION = 5.0;
				TARGETED_DEVICE_FAMILY = "1,2";
			};
			name = Release;
		};
/* End XCBuildConfiguration section */

/* Begin XCConfigurationList section */
		166B6BF52A63C06400684565 /* Build configuration list for PBXProject "TheSweaterStore" */ = {
			isa = XCConfigurationList;
			buildConfigurations = (
				166B6C062A63C06600684565 /* Debug */,
				166B6C072A63C06600684565 /* Release */,
			);
			defaultConfigurationIsVisible = 0;
			defaultConfigurationName = Release;
		};
		166B6C082A63C06600684565 /* Build configuration list for PBXNativeTarget "TheSweaterStore" */ = {
			isa = XCConfigurationList;
			buildConfigurations = (
				166B6C092A63C06600684565 /* Debug */,
				166B6C0A2A63C06600684565 /* Release */,
			);
			defaultConfigurationIsVisible = 0;
			defaultConfigurationName = Release;
		};
/* End XCConfigurationList section */
	};
	rootObject = 166B6BF22A63C06400684565 /* Project object */;
}
